
Microsoft Visual Studio Solution File, Format Version 12.00
# Visual Studio 2013
VisualStudioVersion = 12.0.31101.0
MinimumVisualStudioVersion = 10.0.40219.1
Project("{FAE04EC0-301F-11D3-BF4B-00C04F79EFBC}") = "DecooWeb", "DecooWeb\DecooWeb.csproj", "{C2142A47-02DC-4AA9-9916-DE65CF46D7B9}"
EndProject
Project("{FAE04EC0-301F-11D3-BF4B-00C04F79EFBC}") = "DecooWeb.Tests", "DecooWeb.Tests\DecooWeb.Tests.csproj", "{1F13F9EF-7422-4D4A-A870-A3306B11D61E}"
EndProject
Project("{FAE04EC0-301F-11D3-BF4B-00C04F79EFBC}") = "Decoo.BLL", "Decoo.BLL\Decoo.BLL.csproj", "{9264009F-E6A2-4782-ABF4-76504D2778E4}"
EndProject
Project("{FAE04EC0-301F-11D3-BF4B-00C04F79EFBC}") = "Decoo.Models", "Decoo.Models\Decoo.Models.csproj", "{1F2D013B-3A89-4C96-8144-96F68DE31B16}"
EndProject
Project("{2150E333-8FDC-42A3-9474-1A3956D46DE8}") = "Mongo", "Mongo", "{971918AB-FA94-40B4-BBB5-844A40FBFF0B}"
EndProject
Project("{FAE04EC0-301F-11D3-BF4B-00C04F79EFBC}") = "NoRM", "..\NoRM-master\NoRM\NoRM.csproj", "{297A83DB-DACE-4264-B28E-769CF165D4E4}"
EndProject
Global
	GlobalSection(SolutionConfigurationPlatforms) = preSolution
		Debug|Any CPU = Debug|Any CPU
		Release|Any CPU = Release|Any CPU
	EndGlobalSection
	GlobalSection(ProjectConfigurationPlatforms) = postSolution
		{C2142A47-02DC-4AA9-9916-DE65CF46D7B9}.Debug|Any CPU.ActiveCfg = Debug|Any CPU
		{C2142A47-02DC-4AA9-9916-DE65CF46D7B9}.Debug|Any CPU.Build.0 = Debug|Any CPU
		{C2142A47-02DC-4AA9-9916-DE65CF46D7B9}.Release|Any CPU.ActiveCfg = Release|Any CPU
		{C2142A47-02DC-4AA9-9916-DE65CF46D7B9}.Release|Any CPU.Build.0 = Release|Any CPU
		{1F13F9EF-7422-4D4A-A870-A3306B11D61E}.Debug|Any CPU.ActiveCfg = Debug|Any CPU
		{1F13F9EF-7422-4D4A-A870-A3306B11D61E}.Debug|Any CPU.Build.0 = Debug|Any CPU
		{1F13F9EF-7422-4D4A-A870-A3306B11D61E}.Release|Any CPU.ActiveCfg = Release|Any CPU
		{1F13F9EF-7422-4D4A-A870-A3306B11D61E}.Release|Any CPU.Build.0 = Release|Any CPU
		{9264009F-E6A2-4782-ABF4-76504D2778E4}.Debug|Any CPU.ActiveCfg = Debug|Any CPU
		{9264009F-E6A2-4782-ABF4-76504D2778E4}.Debug|Any CPU.Build.0 = Debug|Any CPU
		{9264009F-E6A2-4782-ABF4-76504D2778E4}.Release|Any CPU.ActiveCfg = Release|Any CPU
		{9264009F-E6A2-4782-ABF4-76504D2778E4}.Release|Any CPU.Build.0 = Release|Any CPU
		{1F2D013B-3A89-4C96-8144-96F68DE31B16}.Debug|Any CPU.ActiveCfg = Debug|Any CPU
		{1F2D013B-3A89-4C96-8144-96F68DE31B16}.Debug|Any CPU.Build.0 = Debug|Any CPU
		{1F2D013B-3A89-4C96-8144-96F68DE31B16}.Release|Any CPU.ActiveCfg = Release|Any CPU
		{1F2D013B-3A89-4C96-8144-96F68DE31B16}.Release|Any CPU.Build.0 = Release|Any CPU
		{297A83DB-DACE-4264-B28E-769CF165D4E4}.Debug|Any CPU.ActiveCfg = Debug|Any CPU
		{297A83DB-DACE-4264-B28E-769CF165D4E4}.Debug|Any CPU.Build.0 = Debug|Any CPU
		{297A83DB-DACE-4264-B28E-769CF165D4E4}.Release|Any CPU.ActiveCfg = Release|Any CPU
		{297A83DB-DACE-4264-B28E-769CF165D4E4}.Release|Any CPU.Build.0 = Release|Any CPU
	EndGlobalSection
	GlobalSection(SolutionProperties) = preSolution
		HideSolutionNode = FALSE
	EndGlobalSection
	GlobalSection(NestedProjects) = preSolution
		{297A83DB-DACE-4264-B28E-769CF165D4E4} = {971918AB-FA94-40B4-BBB5-844A40FBFF0B}
	EndGlobalSection
EndGlobal
